
Microsoft Visual Studio Solution File, Format Version 12.00
# Visual Studio Version 17
VisualStudioVersion = 17.4.33213.308
MinimumVisualStudioVersion = 10.0.40219.1
Project("{FAE04EC0-301F-11D3-BF4B-00C04F79EFBC}") = "Sorter", "Sorter\Sorter.csproj", "{E4D3E9C6-1E98-4DAA-977F-BC93D2AAF924}"
EndProject
Global
	GlobalSection(SolutionConfigurationPlatforms) = preSolution
		Debug|Any CPU = Debug|Any CPU
		Release|Any CPU = Release|Any CPU
	EndGlobalSection
	GlobalSection(ProjectConfigurationPlatforms) = postSolution
		{E4D3E9C6-1E98-4DAA-977F-BC93D2AAF924}.Debug|Any CPU.ActiveCfg = Debug|Any CPU
		{E4D3E9C6-1E98-4DAA-977F-BC93D2AAF924}.Debug|Any CPU.Build.0 = Debug|Any CPU
		{E4D3E9C6-1E98-4DAA-977F-BC93D2AAF924}.Release|Any CPU.ActiveCfg = Release|Any CPU
		{E4D3E9C6-1E98-4DAA-977F-BC93D2AAF924}.Release|Any CPU.Build.0 = Release|Any CPU
	EndGlobalSection
	GlobalSection(SolutionProperties) = preSolution
		HideSolutionNode = FALSE
	EndGlobalSection
	GlobalSection(ExtensibilityGlobals) = postSolution
		SolutionGuid = {F629A1CF-1FC8-465A-A5B0-B07C990CA53D}
	EndGlobalSection
EndGlobal
